
Microsoft Visual Studio Solution File, Format Version 12.00
# Visual Studio Version 16
VisualStudioVersion = 16.0.810.6
MinimumVisualStudioVersion = 10.0.40219.1
Project("{FAE04EC0-301F-11D3-BF4B-00C04F79EFBC}") = "DoAn.API", "DoAn.API\DoAn.API.csproj", "{293FC5DA-EB08-4B8B-9ED5-09592CFCAA13}"
EndProject
Project("{FAE04EC0-301F-11D3-BF4B-00C04F79EFBC}") = "DoAn.DataProvider", "DoAn.DataProvider\DoAn.DataProvider.csproj", "{95D05DA6-F3BA-44EA-8627-194437B4C69E}"
EndProject
Project("{FAE04EC0-301F-11D3-BF4B-00C04F79EFBC}") = "DoAn.Bussiness", "DoAn.Bussiness\DoAn.Bussiness.csproj", "{B6A15C5E-E782-405A-9157-0AB22193F391}"
EndProject
Project("{FAE04EC0-301F-11D3-BF4B-00C04F79EFBC}") = "DoAn.Domain", "DoAn.Domain\DoAn.Domain.csproj", "{C79D4DD9-2B6C-47E8-B559-6634E39B912E}"
EndProject
Project("{FAE04EC0-301F-11D3-BF4B-00C04F79EFBC}") = "DoAn.Auth", "DoAn.Auth\DoAn.Auth.csproj", "{79E9371F-FF52-46E0-A3E0-4F973B67C0AE}"
EndProject
Project("{FAE04EC0-301F-11D3-BF4B-00C04F79EFBC}") = "DoAn.Common", "DoAn.Common\DoAn.Common.csproj", "{AED69041-A6F7-4605-B2D5-CF0697051F4A}"
EndProject
Global
	GlobalSection(SolutionConfigurationPlatforms) = preSolution
		Debug|Any CPU = Debug|Any CPU
		Release|Any CPU = Release|Any CPU
	EndGlobalSection
	GlobalSection(ProjectConfigurationPlatforms) = postSolution
		{293FC5DA-EB08-4B8B-9ED5-09592CFCAA13}.Debug|Any CPU.ActiveCfg = Debug|Any CPU
		{293FC5DA-EB08-4B8B-9ED5-09592CFCAA13}.Debug|Any CPU.Build.0 = Debug|Any CPU
		{293FC5DA-EB08-4B8B-9ED5-09592CFCAA13}.Release|Any CPU.ActiveCfg = Release|Any CPU
		{293FC5DA-EB08-4B8B-9ED5-09592CFCAA13}.Release|Any CPU.Build.0 = Release|Any CPU
		{95D05DA6-F3BA-44EA-8627-194437B4C69E}.Debug|Any CPU.ActiveCfg = Debug|Any CPU
		{95D05DA6-F3BA-44EA-8627-194437B4C69E}.Debug|Any CPU.Build.0 = Debug|Any CPU
		{95D05DA6-F3BA-44EA-8627-194437B4C69E}.Release|Any CPU.ActiveCfg = Release|Any CPU
		{95D05DA6-F3BA-44EA-8627-194437B4C69E}.Release|Any CPU.Build.0 = Release|Any CPU
		{B6A15C5E-E782-405A-9157-0AB22193F391}.Debug|Any CPU.ActiveCfg = Debug|Any CPU
		{B6A15C5E-E782-405A-9157-0AB22193F391}.Debug|Any CPU.Build.0 = Debug|Any CPU
		{B6A15C5E-E782-405A-9157-0AB22193F391}.Release|Any CPU.ActiveCfg = Release|Any CPU
		{B6A15C5E-E782-405A-9157-0AB22193F391}.Release|Any CPU.Build.0 = Release|Any CPU
		{C79D4DD9-2B6C-47E8-B559-6634E39B912E}.Debug|Any CPU.ActiveCfg = Debug|Any CPU
		{C79D4DD9-2B6C-47E8-B559-6634E39B912E}.Debug|Any CPU.Build.0 = Debug|Any CPU
		{C79D4DD9-2B6C-47E8-B559-6634E39B912E}.Release|Any CPU.ActiveCfg = Release|Any CPU
		{C79D4DD9-2B6C-47E8-B559-6634E39B912E}.Release|Any CPU.Build.0 = Release|Any CPU
		{79E9371F-FF52-46E0-A3E0-4F973B67C0AE}.Debug|Any CPU.ActiveCfg = Debug|Any CPU
		{79E9371F-FF52-46E0-A3E0-4F973B67C0AE}.Debug|Any CPU.Build.0 = Debug|Any CPU
		{79E9371F-FF52-46E0-A3E0-4F973B67C0AE}.Release|Any CPU.ActiveCfg = Release|Any CPU
		{79E9371F-FF52-46E0-A3E0-4F973B67C0AE}.Release|Any CPU.Build.0 = Release|Any CPU
		{AED69041-A6F7-4605-B2D5-CF0697051F4A}.Debug|Any CPU.ActiveCfg = Debug|Any CPU
		{AED69041-A6F7-4605-B2D5-CF0697051F4A}.Debug|Any CPU.Build.0 = Debug|Any CPU
		{AED69041-A6F7-4605-B2D5-CF0697051F4A}.Release|Any CPU.ActiveCfg = Release|Any CPU
		{AED69041-A6F7-4605-B2D5-CF0697051F4A}.Release|Any CPU.Build.0 = Release|Any CPU
	EndGlobalSection
	GlobalSection(SolutionProperties) = preSolution
		HideSolutionNode = FALSE
	EndGlobalSection
	GlobalSection(ExtensibilityGlobals) = postSolution
		SolutionGuid = {194E0943-21BA-44FC-BB52-12ED052BED7E}
	EndGlobalSection
EndGlobal
